{
  "version": 4,
  "terraform_version": "1.8.3",
  "serial": 41,
  "lineage": "a1549bb3-492a-2450-9e60-987b332e2d5c",
  "outputs": {},
  "resources": [
    {
      "module": "module.apache",
      "mode": "data",
      "type": "aws_ami",
      "name": "ubuntu",
      "provider": "provider[\"registry.terraform.io/hashicorp/aws\"]",
      "instances": [
        {
          "schema_version": 0,
          "attributes": {
            "architecture": "x86_64",
            "arn": "arn:aws:ec2:us-east-1::image/ami-012485deee5681dc0",
            "block_device_mappings": [
              {
                "device_name": "/dev/sda1",
                "ebs": {
                  "delete_on_termination": "true",
                  "encrypted": "false",
                  "iops": "0",
                  "snapshot_id": "snap-0ded7428c823e331b",
                  "throughput": "0",
                  "volume_size": "8",
                  "volume_type": "gp2"
                },
                "no_device": "",
                "virtual_name": ""
              },
              {
                "device_name": "/dev/sdb",
                "ebs": {},
                "no_device": "",
                "virtual_name": "ephemeral0"
              },
              {
                "device_name": "/dev/sdc",
                "ebs": {},
                "no_device": "",
                "virtual_name": "ephemeral1"
              }
            ],
            "boot_mode": "uefi-preferred",
            "creation_date": "2024-05-14T02:56:34.000Z",
            "deprecation_time": "2026-05-14T02:56:34.000Z",
            "description": "Canonical, Ubuntu, 22.04 LTS, amd64 jammy image build on 2024-05-14",
            "ena_support": true,
            "executable_users": null,
            "filter": [
              {
                "name": "name",
                "values": [
                  "ubuntu/images/hvm-ssd/ubuntu-jammy-22.04-amd64-server-*"
                ]
              },
              {
                "name": "virtualization-type",
                "values": [
                  "hvm"
                ]
              }
            ],
            "hypervisor": "xen",
            "id": "ami-012485deee5681dc0",
            "image_id": "ami-012485deee5681dc0",
            "image_location": "amazon/ubuntu/images/hvm-ssd/ubuntu-jammy-22.04-amd64-server-20240514",
            "image_owner_alias": "amazon",
            "image_type": "machine",
            "imds_support": "",
            "include_deprecated": false,
            "kernel_id": "",
            "most_recent": true,
            "name": "ubuntu/images/hvm-ssd/ubuntu-jammy-22.04-amd64-server-20240514",
            "name_regex": null,
            "owner_id": "099720109477",
            "owners": [
              "099720109477"
            ],
            "platform": "",
            "platform_details": "Linux/UNIX",
            "product_codes": [],
            "public": true,
            "ramdisk_id": "",
            "root_device_name": "/dev/sda1",
            "root_device_type": "ebs",
            "root_snapshot_id": "snap-0ded7428c823e331b",
            "sriov_net_support": "simple",
            "state": "available",
            "state_reason": {
              "code": "UNSET",
              "message": "UNSET"
            },
            "tags": {},
            "timeouts": null,
            "tpm_support": "",
            "usage_operation": "RunInstances",
            "virtualization_type": "hvm"
          },
          "sensitive_attributes": []
        }
      ]
    },
    {
      "module": "module.apache",
      "mode": "data",
      "type": "aws_vpc",
      "name": "main",
      "provider": "provider[\"registry.terraform.io/hashicorp/aws\"]",
      "instances": [
        {
          "schema_version": 0,
          "attributes": {
            "arn": "arn:aws:ec2:us-east-1:188265905126:vpc/vpc-0f212443905033eff",
            "cidr_block": "10.0.0.0/16",
            "cidr_block_associations": [
              {
                "association_id": "vpc-cidr-assoc-0a056ecc7488712dc",
                "cidr_block": "10.0.0.0/16",
                "state": "associated"
              }
            ],
            "default": false,
            "dhcp_options_id": "dopt-052f6e055b6873e53",
            "enable_dns_hostnames": false,
            "enable_dns_support": true,
            "enable_network_address_usage_metrics": false,
            "filter": null,
            "id": "vpc-0f212443905033eff",
            "instance_tenancy": "default",
            "ipv6_association_id": "",
            "ipv6_cidr_block": "",
            "main_route_table_id": "rtb-08c006bfc75654d79",
            "owner_id": "188265905126",
            "state": null,
            "tags": {
              "Name": "my-first-vpc"
            },
            "timeouts": null
          },
          "sensitive_attributes": []
        }
      ]
    },
    {
      "module": "module.apache",
      "mode": "data",
      "type": "template_file",
      "name": "user_data",
      "provider": "provider[\"registry.terraform.io/hashicorp/template\"]",
      "instances": [
        {
          "schema_version": 0,
          "attributes": {
            "filename": null,
            "id": "64160df886f3f44a7430c0c1d7d073a75e7b16b074f9b9d2052924d395c0efc6",
            "rendered": "#cloud-config\r\npackage_update: true\r\npackage_upgrade: true\r\n\r\n# if you're already installing other packages, you may\r\n# wish to manually install ansible to avoid multiple calls\r\n# to your package manager\r\npackages:\r\n  - httpd\r\nruncmd:\r\n  - systemctl start httpd\r\n  - sudo systemctl enable httpd",
            "template": "#cloud-config\r\npackage_update: true\r\npackage_upgrade: true\r\n\r\n# if you're already installing other packages, you may\r\n# wish to manually install ansible to avoid multiple calls\r\n# to your package manager\r\npackages:\r\n  - httpd\r\nruncmd:\r\n  - systemctl start httpd\r\n  - sudo systemctl enable httpd",
            "vars": null
          },
          "sensitive_attributes": []
        }
      ]
    },
    {
      "module": "module.apache",
      "mode": "managed",
      "type": "aws_key_pair",
      "name": "deployer",
      "provider": "provider[\"registry.terraform.io/hashicorp/aws\"]",
      "instances": [
        {
          "schema_version": 1,
          "attributes": {
            "arn": "arn:aws:ec2:us-east-1:188265905126:key-pair/deployer-key",
            "fingerprint": "d8:ec:0c:f7:30:b8:71:4e:f9:9b:77:d4:b5:db:97:78",
            "id": "deployer-key",
            "key_name": "deployer-key",
            "key_name_prefix": "",
            "key_pair_id": "key-02a32b58a0212b3b9",
            "key_type": "rsa",
            "public_key": "ssh-rsa AAAAB3NzaC1yc2EAAAADAQABAAABgQCsCsgY7QgYFAyKzbAE0JVydSJNojiUnx9x3dVtDEP8Wx17Q2uVmE9xMmtKn1nW5OQK1KNHMeG/BADlcrF7GCfr8ptg4PwG235WDJT9VzFz8+x3tQpMzraN0QlIRjiPMjDU/cSicE7TVzaA64tBKXk6onDJMUSMt5vaDrK8Fyxny1QCJxB/eJ5KNWuljMwdgTR6+aILGnQ7qx0c4yDZYoqJZ0a0P2uQxl4xyWy5Mbo7saPOYy+8AD+rBofgmmQKjTPc9XBPoSYxXJfvJNOcXJT7sWVx4KW4f46/utW9ShWdtHTSsHZiTZwIDfZU2wxJl9QfjgsXbGcOLIp0quwB4W2HNv8QCaWg1YCnAB8sJb4qljeCNGzH0M/D6gHTxnuv3q4mBVDl7XkQoJ+hVkd7FSXiFRNYu3jYxFpLpbuOUcLlTSE0Pw5/jvDa5fjuz2VrfRyzcszfkiS3OTLfJ8fjZOoRIY14/pF7yA5ZrA2pNl0GJ4MPCBUjSrR8ymNyOpCnq4U= akins@Victoria",
            "tags": null,
            "tags_all": {}
          },
          "sensitive_attributes": [],
          "private": "eyJzY2hlbWFfdmVyc2lvbiI6IjEifQ=="
        }
      ]
    },
    {
      "module": "module.apache",
      "mode": "managed",
      "type": "aws_security_group",
      "name": "project_server_sg",
      "provider": "provider[\"registry.terraform.io/hashicorp/aws\"]",
      "instances": [
        {
          "schema_version": 1,
          "attributes": {
            "arn": "arn:aws:ec2:us-east-1:188265905126:security-group/sg-0da40f760cee07012",
            "description": "project_server security group",
            "egress": [
              {
                "cidr_blocks": [
                  "0.0.0.0/0"
                ],
                "description": "outgoing traffic",
                "from_port": 0,
                "ipv6_cidr_blocks": [
                  "::/0"
                ],
                "prefix_list_ids": [],
                "protocol": "-1",
                "security_groups": [],
                "self": false,
                "to_port": 0
              }
            ],
            "id": "sg-0da40f760cee07012",
            "ingress": [
              {
                "cidr_blocks": [
                  "0.0.0.0/0"
                ],
                "description": "HTTP",
                "from_port": 80,
                "ipv6_cidr_blocks": [],
                "prefix_list_ids": [],
                "protocol": "tcp",
                "security_groups": [],
                "self": false,
                "to_port": 80
              },
              {
                "cidr_blocks": [
                  "99.231.231.156/32"
                ],
                "description": "SSH",
                "from_port": 22,
                "ipv6_cidr_blocks": [],
                "prefix_list_ids": [],
                "protocol": "tcp",
                "security_groups": [],
                "self": false,
                "to_port": 22
              }
            ],
            "name": "project_server_sg",
            "name_prefix": "",
            "owner_id": "188265905126",
            "revoke_rules_on_delete": false,
            "tags": null,
            "tags_all": {},
            "timeouts": null,
            "vpc_id": "vpc-0f212443905033eff"
          },
          "sensitive_attributes": [],
          "private": "eyJlMmJmYjczMC1lY2FhLTExZTYtOGY4OC0zNDM2M2JjN2M0YzAiOnsiY3JlYXRlIjo2MDAwMDAwMDAwMDAsImRlbGV0ZSI6OTAwMDAwMDAwMDAwfSwic2NoZW1hX3ZlcnNpb24iOiIxIn0=",
          "dependencies": [
            "module.apache.data.aws_vpc.main"
          ]
        }
      ]
    }
  ],
  "check_results": null
}
